
Microsoft Visual Studio Solution File, Format Version 12.00
# Visual Studio 15
VisualStudioVersion = 15.0.28307.329
MinimumVisualStudioVersion = 10.0.40219.1
Project("{FAE04EC0-301F-11D3-BF4B-00C04F79EFBC}") = "ExcelProject", "ExcelProject\ExcelProject.csproj", "{24C5C6F6-CEB8-4CD1-B3B4-70BB0DA72683}"
EndProject
Global
	GlobalSection(SolutionConfigurationPlatforms) = preSolution
		Debug|Any CPU = Debug|Any CPU
		Release|Any CPU = Release|Any CPU
	EndGlobalSection
	GlobalSection(ProjectConfigurationPlatforms) = postSolution
		{24C5C6F6-CEB8-4CD1-B3B4-70BB0DA72683}.Debug|Any CPU.ActiveCfg = Debug|Any CPU
		{24C5C6F6-CEB8-4CD1-B3B4-70BB0DA72683}.Debug|Any CPU.Build.0 = Debug|Any CPU
		{24C5C6F6-CEB8-4CD1-B3B4-70BB0DA72683}.Release|Any CPU.ActiveCfg = Release|Any CPU
		{24C5C6F6-CEB8-4CD1-B3B4-70BB0DA72683}.Release|Any CPU.Build.0 = Release|Any CPU
	EndGlobalSection
	GlobalSection(SolutionProperties) = preSolution
		HideSolutionNode = FALSE
	EndGlobalSection
	GlobalSection(ExtensibilityGlobals) = postSolution
		SolutionGuid = {F126D499-0882-4C29-AC21-61EAEAD46287}
	EndGlobalSection
EndGlobal
